
Microsoft Visual Studio Solution File, Format Version 12.00
# Visual Studio Version 16
VisualStudioVersion = 16.0.31205.134
MinimumVisualStudioVersion = 10.0.40219.1
Project("{FAE04EC0-301F-11D3-BF4B-00C04F79EFBC}") = "PIA_Backend", "PIA_Backend\PIA_Backend.csproj", "{A46EC7D4-9C1B-4682-8A95-E45564A37176}"
EndProject
Global
	GlobalSection(SolutionConfigurationPlatforms) = preSolution
		Debug|Any CPU = Debug|Any CPU
		Release|Any CPU = Release|Any CPU
	EndGlobalSection
	GlobalSection(ProjectConfigurationPlatforms) = postSolution
		{A46EC7D4-9C1B-4682-8A95-E45564A37176}.Debug|Any CPU.ActiveCfg = Debug|Any CPU
		{A46EC7D4-9C1B-4682-8A95-E45564A37176}.Debug|Any CPU.Build.0 = Debug|Any CPU
		{A46EC7D4-9C1B-4682-8A95-E45564A37176}.Release|Any CPU.ActiveCfg = Release|Any CPU
		{A46EC7D4-9C1B-4682-8A95-E45564A37176}.Release|Any CPU.Build.0 = Release|Any CPU
	EndGlobalSection
	GlobalSection(SolutionProperties) = preSolution
		HideSolutionNode = FALSE
	EndGlobalSection
	GlobalSection(ExtensibilityGlobals) = postSolution
		SolutionGuid = {A317C925-3B0E-43E1-8452-A111A034F691}
	EndGlobalSection
EndGlobal
